Microsoft Visual Studio Solution File, Format Version 12.00
# Visual Studio Version 17
VisualStudioVersion = 17.5.2.0
MinimumVisualStudioVersion = 10.0.40219.1
Project("{FAE04EC0-301F-11D3-BF4B-00C04F79EFBC}") = "oop -2", "oop -2.csproj", "{48439797-95D1-C1EC-C5E6-375E548822C2}"
EndProject
Global
	GlobalSection(SolutionConfigurationPlatforms) = preSolution
		Debug|Any CPU = Debug|Any CPU
		Release|Any CPU = Release|Any CPU
	EndGlobalSection
	GlobalSection(ProjectConfigurationPlatforms) = postSolution
		{48439797-95D1-C1EC-C5E6-375E548822C2}.Debug|Any CPU.ActiveCfg = Debug|Any CPU
		{48439797-95D1-C1EC-C5E6-375E548822C2}.Debug|Any CPU.Build.0 = Debug|Any CPU
		{48439797-95D1-C1EC-C5E6-375E548822C2}.Release|Any CPU.ActiveCfg = Release|Any CPU
		{48439797-95D1-C1EC-C5E6-375E548822C2}.Release|Any CPU.Build.0 = Release|Any CPU
	EndGlobalSection
	GlobalSection(SolutionProperties) = preSolution
		HideSolutionNode = FALSE
	EndGlobalSection
	GlobalSection(ExtensibilityGlobals) = postSolution
		SolutionGuid = {51F675A1-4895-459E-9B94-140B80DE8F27}
	EndGlobalSection
EndGlobal
